{
  "version": 4,
  "terraform_version": "1.12.2",
  "serial": 27,
  "lineage": "85927910-8e4e-1604-e720-99fbf1e59574",
  "outputs": {
    "bigquery_dataset": {
      "value": "realtime_dataset",
      "type": "string"
    },
    "bigquery_table": {
      "value": "streaming_output",
      "type": "string"
    },
    "gcs_bucket_raw_data": {
      "value": "realtime-data-pipeline-123-raw-data",
      "type": "string"
    },
    "gcs_bucket_staging": {
      "value": "realtime-data-pipeline-123-staging",
      "type": "string"
    },
    "pubsub_subscription": {
      "value": "realtime-stream-sub",
      "type": "string"
    },
    "pubsub_topic": {
      "value": "realtime-stream-topic",
      "type": "string"
    }
  },
  "resources": [
    {
      "mode": "managed",
      "type": "google_storage_bucket",
      "name": "staging_bucket",
      "provider": "provider[\"registry.terraform.io/hashicorp/google\"]",
      "instances": [
        {
          "schema_version": 2,
          "attributes": {
            "autoclass": [],
            "cors": [],
            "custom_placement_config": [],
            "default_event_based_hold": false,
            "effective_labels": {},
            "enable_object_retention": false,
            "encryption": [],
            "force_destroy": true,
            "id": "realtime-data-pipeline-123-staging",
            "labels": {},
            "lifecycle_rule": [],
            "location": "US-CENTRAL1",
            "logging": [],
            "name": "realtime-data-pipeline-123-staging",
            "project": "realtime-data-pipeline-123",
            "project_number": 10017251802,
            "public_access_prevention": "inherited",
            "requester_pays": false,
            "retention_policy": [],
            "rpo": null,
            "self_link": "https://www.googleapis.com/storage/v1/b/realtime-data-pipeline-123-staging",
            "soft_delete_policy": [
              {
                "effective_time": "2025-07-15T00:34:57.810Z",
                "retention_duration_seconds": 604800
              }
            ],
            "storage_class": "STANDARD",
            "terraform_labels": {},
            "timeouts": null,
            "uniform_bucket_level_access": true,
            "url": "gs://realtime-data-pipeline-123-staging",
            "versioning": [],
            "website": []
          },
          "sensitive_attributes": [],
          "identity_schema_version": 0,
          "private": "eyJlMmJmYjczMC1lY2FhLTExZTYtOGY4OC0zNDM2M2JjN2M0YzAiOnsiY3JlYXRlIjo2MDAwMDAwMDAwMDAsInJlYWQiOjI0MDAwMDAwMDAwMCwidXBkYXRlIjoyNDAwMDAwMDAwMDB9LCJzY2hlbWFfdmVyc2lvbiI6IjIifQ=="
        }
      ]
    }
  ],
  "check_results": null
}
